
Microsoft Visual Studio Solution File, Format Version 12.00
# Visual Studio 15
Project("{2150E333-8FDC-42A3-9474-1A3956D46DE8}") = "Solution Items", "Solution Items", "{98C02974-607D-4F13-A135-735F776D84AF}"
	ProjectSection(SolutionItems) = preProject
		jawiki-country.json = jawiki-country.json
	EndProjectSection
EndProject
Project("{FAE04EC0-301F-11D3-BF4B-00C04F79EFBC}") = "LogExtension", "..\LogExtension\LogExtension\LogExtension.csproj", "{03223678-FF25-4417-B930-E5B8272986B2}"
EndProject
Project("{FAE04EC0-301F-11D3-BF4B-00C04F79EFBC}") = "BashExtension", "..\GengoShoriKnockChapter2\BashExtension\BashExtension.csproj", "{AB11D873-2650-4ED3-AED3-47E26825F461}"
EndProject
Project("{FAE04EC0-301F-11D3-BF4B-00C04F79EFBC}") = "Q20", "Q20\Q20.csproj", "{1DEA3797-AC7A-4DC6-AB40-ACCFC7037524}"
EndProject
Global
	GlobalSection(SolutionConfigurationPlatforms) = preSolution
		Debug|Any CPU = Debug|Any CPU
		Release|Any CPU = Release|Any CPU
	EndGlobalSection
	GlobalSection(ProjectConfigurationPlatforms) = postSolution
		{03223678-FF25-4417-B930-E5B8272986B2}.Debug|Any CPU.ActiveCfg = Debug|Any CPU
		{03223678-FF25-4417-B930-E5B8272986B2}.Debug|Any CPU.Build.0 = Debug|Any CPU
		{03223678-FF25-4417-B930-E5B8272986B2}.Release|Any CPU.ActiveCfg = Release|Any CPU
		{03223678-FF25-4417-B930-E5B8272986B2}.Release|Any CPU.Build.0 = Release|Any CPU
		{AB11D873-2650-4ED3-AED3-47E26825F461}.Debug|Any CPU.ActiveCfg = Debug|Any CPU
		{AB11D873-2650-4ED3-AED3-47E26825F461}.Debug|Any CPU.Build.0 = Debug|Any CPU
		{AB11D873-2650-4ED3-AED3-47E26825F461}.Release|Any CPU.ActiveCfg = Release|Any CPU
		{AB11D873-2650-4ED3-AED3-47E26825F461}.Release|Any CPU.Build.0 = Release|Any CPU
		{1DEA3797-AC7A-4DC6-AB40-ACCFC7037524}.Debug|Any CPU.ActiveCfg = Debug|Any CPU
		{1DEA3797-AC7A-4DC6-AB40-ACCFC7037524}.Debug|Any CPU.Build.0 = Debug|Any CPU
		{1DEA3797-AC7A-4DC6-AB40-ACCFC7037524}.Release|Any CPU.ActiveCfg = Release|Any CPU
		{1DEA3797-AC7A-4DC6-AB40-ACCFC7037524}.Release|Any CPU.Build.0 = Release|Any CPU
	EndGlobalSection
EndGlobal
